# @generated by Move, please check-in and do not edit manually.

[move]
version = 3
manifest_digest = "E51F4C2277F0AB3C240850026636855C5A65D57D2803FC3E87A61CD8BE6391AE"
deps_digest = "F8BBB0CCB2491CA29A3DF03D6F92277A4F3574266507ACD77214D37ECA3F3082"
dependencies = [
  { id = "Sui", name = "Sui" },
]

[[move.package]]
id = "MoveStdlib"
source = { git = "https://github.com/MystenLabs/sui.git", rev = "framework/testnet", subdir = "crates\\sui-framework\\packages\\move-stdlib" }

[[move.package]]
id = "Sui"
source = { git = "https://github.com/MystenLabs/sui.git", rev = "framework/testnet", subdir = "crates/sui-framework/packages/sui-framework" }

dependencies = [
  { id = "MoveStdlib", name = "MoveStdlib" },
]

[move.toolchain-version]
compiler-version = "1.57.0"
edition = "2024"
flavor = "sui"

[env]

[env.testnet]
chain-id = "4c78adac"
original-published-id = "0xdd1695d238e5655c2452962b0611d1472e9c390635c6cf8d412e1c8eee344970"
latest-published-id = "0xdd1695d238e5655c2452962b0611d1472e9c390635c6cf8d412e1c8eee344970"
published-version = "1"
